
Microsoft Visual Studio Solution File, Format Version 12.00
# Visual Studio 15
VisualStudioVersion = 15.0.28307.1062
MinimumVisualStudioVersion = 10.0.40219.1
Project("{159641D6-6404-4A2A-AE62-294DE0FE8301}") = "Invima", "Invima\Invima.dtproj", "{63FC46D8-8128-4EB1-830E-714F422A4429}"
EndProject
Project("{888888A0-9F3D-457C-B088-3A5042F75D52}") = "understandingData", "understandingData\understandingData.pyproj", "{5A0FA57B-4CDB-4A63-A7EB-429A461BAFED}"
EndProject
Project("{888888A0-9F3D-457C-B088-3A5042F75D52}") = "displayingData", "displayingData\displayingData.pyproj", "{653E3F25-2DBF-4B52-ADE9-97ABF8C80C24}"
EndProject
Global
	GlobalSection(SolutionConfigurationPlatforms) = preSolution
		Debug|Any CPU = Debug|Any CPU
		Development|Any CPU = Development|Any CPU
		Release|Any CPU = Release|Any CPU
	EndGlobalSection
	GlobalSection(ProjectConfigurationPlatforms) = postSolution
		{63FC46D8-8128-4EB1-830E-714F422A4429}.Debug|Any CPU.ActiveCfg = Development
		{63FC46D8-8128-4EB1-830E-714F422A4429}.Debug|Any CPU.Build.0 = Development
		{63FC46D8-8128-4EB1-830E-714F422A4429}.Development|Any CPU.ActiveCfg = Development
		{63FC46D8-8128-4EB1-830E-714F422A4429}.Development|Any CPU.Build.0 = Development
		{63FC46D8-8128-4EB1-830E-714F422A4429}.Release|Any CPU.ActiveCfg = Development
		{63FC46D8-8128-4EB1-830E-714F422A4429}.Release|Any CPU.Build.0 = Development
		{5A0FA57B-4CDB-4A63-A7EB-429A461BAFED}.Debug|Any CPU.ActiveCfg = Debug|Any CPU
		{5A0FA57B-4CDB-4A63-A7EB-429A461BAFED}.Development|Any CPU.ActiveCfg = Debug|Any CPU
		{5A0FA57B-4CDB-4A63-A7EB-429A461BAFED}.Release|Any CPU.ActiveCfg = Release|Any CPU
		{653E3F25-2DBF-4B52-ADE9-97ABF8C80C24}.Debug|Any CPU.ActiveCfg = Debug|Any CPU
		{653E3F25-2DBF-4B52-ADE9-97ABF8C80C24}.Development|Any CPU.ActiveCfg = Debug|Any CPU
		{653E3F25-2DBF-4B52-ADE9-97ABF8C80C24}.Release|Any CPU.ActiveCfg = Release|Any CPU
	EndGlobalSection
	GlobalSection(SolutionProperties) = preSolution
		HideSolutionNode = FALSE
	EndGlobalSection
	GlobalSection(ExtensibilityGlobals) = postSolution
		SolutionGuid = {A07593E0-31AB-4FC8-9CFD-5555DFA24ECB}
	EndGlobalSection
EndGlobal
